<?xml version="1.0" encoding="utf-8"?>
<Project ToolsVersion="4.0" xmlns="http://schemas.microsoft.com/developer/msbuild/2003">
  <ItemGroup>
    <Filter Include="源文件">
      <UniqueIdentifier>{4FC737F1-C7A5-4376-A066-2A32D752A2FF}</UniqueIdentifier>
      <Extensions>cpp;c;cc;cxx;def;odl;idl;hpj;bat;asm;asmx</Extensions>
    </Filter>
    <Filter Include="头文件">
      <UniqueIdentifier>{93995380-89BD-4b04-88EB-625FBE52EBFB}</UniqueIdentifier>
      <Extensions>h;hh;hpp;hxx;hm;inl;inc;ipp;xsd</Extensions>
    </Filter>
    <Filter Include="资源文件">
      <UniqueIdentifier>{67DA6AB6-F800-4c08-8B7A-83BB121AAD01}</UniqueIdentifier>
      <Extensions>rc;ico;cur;bmp;dlg;rc2;rct;bin;rgs;gif;jpg;jpeg;jpe;resx;tiff;tif;png;wav;mfcribbon-ms</Extensions>
    </Filter>
    <Filter Include="头文件\Algo">
      <UniqueIdentifier>{afc2582d-3e71-40df-a784-a7da89133ad2}</UniqueIdentifier>
    </Filter>
    <Filter Include="源文件\Util">
      <UniqueIdentifier>{ebe2ccb9-ad53-4e1e-88e9-340b44877588}</UniqueIdentifier>
    </Filter>
    <Filter Include="头文件\Util">
      <UniqueIdentifier>{9a5ce0dc-f3e2-4a64-ab7e-fcc4e0df4dad}</UniqueIdentifier>
    </Filter>
    <Filter Include="源文件\Algo">
      <UniqueIdentifier>{ebcfb124-5abb-4694-972d-5fe1f0243df7}</UniqueIdentifier>
    </Filter>
    <Filter Include="头文件\Data">
      <UniqueIdentifier>{04b4c7a2-0960-4858-99c6-61831d6da36d}</UniqueIdentifier>
    </Filter>
    <Filter Include="源文件\Data">
      <UniqueIdentifier>{85396a81-40ac-4223-89c9-84d6f410c2ea}</UniqueIdentifier>
    </Filter>
  </ItemGroup>
  <ItemGroup>
    <ClCompile Include="src\main.cpp">
      <Filter>源文件</Filter>
    </ClCompile>
    <ClCompile Include="src\Util\Random.cpp">
      <Filter>源文件\Util</Filter>
    </ClCompile>
    <ClCompile Include="src\Data\Car.cpp">
      <Filter>源文件\Data</Filter>
    </ClCompile>
    <ClCompile Include="src\Data\Node.cpp">
      <Filter>源文件\Data</Filter>
    </ClCompile>
  </ItemGroup>
  <ItemGroup>
    <ClInclude Include="src\Algo\VRP.h">
      <Filter>头文件\Algo</Filter>
    </ClInclude>
    <ClInclude Include="src\Util\Random.h">
      <Filter>头文件\Util</Filter>
    </ClInclude>
    <ClInclude Include="src\Data\Car.h">
      <Filter>头文件\Data</Filter>
    </ClInclude>
    <ClInclude Include="src\Data\Node.h">
      <Filter>头文件\Data</Filter>
    </ClInclude>
  </ItemGroup>
</Project>